{
  "nodes": {
    "figwal": {
      "flake": false,
      "locked": {
        "lastModified": 1785738649,
        "narHash": "sha256-b4HkPGffvuyDnbd9wCrYNuqd8/rPqOnuy5ptS7+fDlU=",
        "ref": "refs/heads/master",
        "rev": "c09ff97e469f623a87e7e6739fc9d25044ef75a1",
        "revCount": 122,
        "type": "git",
        "url": "file:///home/gluck/dev/figwal"
      },
      "original": {
        "type": "git",
        "url": "file:///home/gluck/dev/figwal"
      }
    },
    "nixpkgs": {
      "locked": {
        "lastModified": 1775710090,
        "narHash": "sha256-ar3rofg+awPB8QXDaFJhJ2jJhu+KqN/PRCXeyuXR76E=",
        "owner": "NixOS",
        "repo": "nixpkgs",
        "rev": "4c1018dae018162ec878d42fec712642d214fdfa",
        "type": "github"
      },
      "original": {
        "owner": "NixOS",
        "ref": "nixos-unstable",
        "repo": "nixpkgs",
        "type": "github"
      }
    },
    "root": {
      "inputs": {
        "figwal": "figwal",
        "nixpkgs": "nixpkgs"
      }
    }
  },
  "root": "root",
  "version": 7
}
