{
  "nodes": {
    "figwal": {
      "flake": false,
      "locked": {
        "lastModified": 1785736054,
        "narHash": "sha256-TnL9hDMyQnoo+tbruwJQe5w3GXnGVlIL2tPxFhuWA/4=",
        "ref": "refs/heads/master",
        "rev": "343e7ce08c03ccdff3651a3600768826f990a7df",
        "revCount": 119,
        "type": "git",
        "url": "file:///home/gluck/dev/figwal"
      },
      "original": {
        "type": "git",
        "url": "file:///home/gluck/dev/figwal"
      }
    },
    "nixpkgs": {
      "locked": {
        "lastModified": 1775710090,
        "narHash": "sha256-ar3rofg+awPB8QXDaFJhJ2jJhu+KqN/PRCXeyuXR76E=",
        "owner": "NixOS",
        "repo": "nixpkgs",
        "rev": "4c1018dae018162ec878d42fec712642d214fdfa",
        "type": "github"
      },
      "original": {
        "owner": "NixOS",
        "ref": "nixos-unstable",
        "repo": "nixpkgs",
        "type": "github"
      }
    },
    "root": {
      "inputs": {
        "figwal": "figwal",
        "nixpkgs": "nixpkgs"
      }
    }
  },
  "root": "root",
  "version": 7
}
