{
  "nodes": {
    "figwal": {
      "flake": false,
      "locked": {
        "lastModified": 1785741851,
        "narHash": "sha256-aE690gHDmrF6nIGZZIoDIlPVAYXrReOM2vPZSdqCRqg=",
        "ref": "refs/heads/master",
        "rev": "181236696dc39909a100f3d9e27e4a566ce89cec",
        "revCount": 129,
        "type": "git",
        "url": "file:///home/gluck/dev/figwal"
      },
      "original": {
        "type": "git",
        "url": "file:///home/gluck/dev/figwal"
      }
    },
    "nixpkgs": {
      "locked": {
        "lastModified": 1775710090,
        "narHash": "sha256-ar3rofg+awPB8QXDaFJhJ2jJhu+KqN/PRCXeyuXR76E=",
        "owner": "NixOS",
        "repo": "nixpkgs",
        "rev": "4c1018dae018162ec878d42fec712642d214fdfa",
        "type": "github"
      },
      "original": {
        "owner": "NixOS",
        "ref": "nixos-unstable",
        "repo": "nixpkgs",
        "type": "github"
      }
    },
    "root": {
      "inputs": {
        "figwal": "figwal",
        "nixpkgs": "nixpkgs"
      }
    }
  },
  "root": "root",
  "version": 7
}
